
Microsoft Visual Studio Solution File, Format Version 12.00
# Visual Studio Version 16
VisualStudioVersion = 16.0.31129.286
MinimumVisualStudioVersion = 10.0.40219.1
Project("{FAE04EC0-301F-11D3-BF4B-00C04F79EFBC}") = "CleanButtons", "CleanButtons\CleanButtons.csproj", "{9E92094F-9E28-45AB-A735-24ADB7B7D0E1}"
EndProject
Project("{2150E333-8FDC-42A3-9474-1A3956D46DE8}") = "About", "About", "{D504A1BD-7514-42AB-9E95-ACAC754CB04C}"
	ProjectSection(SolutionItems) = preProject
		About\About.xml = About\About.xml
	EndProjectSection
EndProject
Global
	GlobalSection(SolutionConfigurationPlatforms) = preSolution
		Debug|Any CPU = Debug|Any CPU
		Release|Any CPU = Release|Any CPU
	EndGlobalSection
	GlobalSection(ProjectConfigurationPlatforms) = postSolution
		{9E92094F-9E28-45AB-A735-24ADB7B7D0E1}.Debug|Any CPU.ActiveCfg = Debug|Any CPU
		{9E92094F-9E28-45AB-A735-24ADB7B7D0E1}.Debug|Any CPU.Build.0 = Debug|Any CPU
		{9E92094F-9E28-45AB-A735-24ADB7B7D0E1}.Release|Any CPU.ActiveCfg = Release|Any CPU
		{9E92094F-9E28-45AB-A735-24ADB7B7D0E1}.Release|Any CPU.Build.0 = Release|Any CPU
	EndGlobalSection
	GlobalSection(SolutionProperties) = preSolution
		HideSolutionNode = FALSE
	EndGlobalSection
	GlobalSection(ExtensibilityGlobals) = postSolution
		SolutionGuid = {182AAFF9-38D3-44AF-8812-A9989ADDB8B4}
	EndGlobalSection
EndGlobal
